# This file is automatically @generated by Poetry 1.5.1 and should not be changed by hand.

[[package]]
name = "dm-tree"
version = "0.1.8"
description = "Tree is a library for working with nested data structures."
optional = false
python-versions = "*"
files = [
    {file = "dm-tree-0.1.8.tar.gz", hash = "sha256:0fcaabbb14e7980377439e7140bd05552739ca5e515ecb3119f234acee4b9430"},
    {file = "dm_tree-0.1.8-cp310-cp310-macosx_10_9_universal2.whl", hash = "sha256:35cc164a79336bfcfafb47e5f297898359123bbd3330c1967f0c4994f9cf9f60"},
    {file = "dm_tree-0.1.8-cp310-cp310-macosx_10_9_x86_64.whl", hash = "sha256:39070ba268c0491af9fe7a58644d99e8b4f2cde6e5884ba3380bddc84ed43d5f"},
    {file = "dm_tree-0.1.8-cp310-cp310-macosx_11_0_arm64.whl", hash = "sha256:2869228d9c619074de501a3c10dc7f07c75422f8fab36ecdcb859b6f1b1ec3ef"},
    {file = "dm_tree-0.1.8-cp310-cp310-manylinux_2_17_aarch64.manylinux2014_aarch64.whl", hash = "sha256:d20f2faa3672b52e5013f4077117bfb99c4cfc0b445d3bde1584c34032b57436"},
    {file = "dm_tree-0.1.8-cp310-cp310-manylinux_2_17_i686.manylinux2014_i686.whl", hash = "sha256:5483dca4d7eb1a0d65fe86d3b6a53ae717face83c1f17e0887b1a4a64ae5c410"},
    {file = "dm_tree-0.1.8-cp310-cp310-manylinux_2_17_s390x.manylinux2014_s390x.whl", hash = "sha256:1d7c26e431fc93cc7e0cba867eb000db6a05f6f2b25af11ac4e9dada88fc5bca"},
    {file = "dm_tree-0.1.8-cp310-cp310-manylinux_2_17_x86_64.manylinux2014_x86_64.whl", hash = "sha256:e4d714371bb08839e4e5e29024fc95832d9affe129825ef38836b143028bd144"},
    {file = "dm_tree-0.1.8-cp310-cp310-win_amd64.whl", hash = "sha256:d40fa4106ca6edc66760246a08f500ec0c85ef55c762fb4a363f6ee739ba02ee"},
    {file = "dm_tree-0.1.8-cp311-cp311-macosx_10_9_universal2.whl", hash = "sha256:ad16ceba90a56ec47cf45b21856d14962ac314787975ef786efb5e6e9ca75ec7"},
    {file = "dm_tree-0.1.8-cp311-cp311-macosx_10_9_x86_64.whl", hash = "sha256:803bfc53b4659f447ac694dbd04235f94a73ef7c1fd1e0df7c84ac41e0bc963b"},
    {file = "dm_tree-0.1.8-cp311-cp311-macosx_11_0_arm64.whl", hash = "sha256:378cc8ad93c5fe3590f405a309980721f021c790ca1bdf9b15bb1d59daec57f5"},
    {file = "dm_tree-0.1.8-cp311-cp311-manylinux_2_17_aarch64.manylinux2014_aarch64.whl", hash = "sha256:1607ce49aa42f010d1e5e616d92ce899d66835d4d8bea49679582435285515de"},
    {file = "dm_tree-0.1.8-cp311-cp311-manylinux_2_17_i686.manylinux2014_i686.whl", hash = "sha256:343a4a4ebaa127451ff971254a4be4084eb4bdc0b2513c32b46f6f728fd03f9e"},
    {file = "dm_tree-0.1.8-cp311-cp311-manylinux_2_17_s390x.manylinux2014_s390x.whl", hash = "sha256:fa42a605d099ee7d41ba2b5fb75e21423951fd26e5d50583a00471238fb3021d"},
    {file = "dm_tree-0.1.8-cp311-cp311-manylinux_2_17_x86_64.manylinux2014_x86_64.whl", hash = "sha256:83b7764de0d855338abefc6e3ee9fe40d301668310aa3baea3f778ff051f4393"},
    {file = "dm_tree-0.1.8-cp311-cp311-win_amd64.whl", hash = "sha256:a5d819c38c03f0bb5b3b3703c60e4b170355a0fc6b5819325bf3d4ceb3ae7e80"},
    {file = "dm_tree-0.1.8-cp37-cp37m-macosx_10_9_x86_64.whl", hash = "sha256:8c60a7eadab64c2278861f56bca320b2720f163dca9d7558103c3b77f2416571"},
    {file = "dm_tree-0.1.8-cp37-cp37m-manylinux_2_17_aarch64.manylinux2014_aarch64.whl", hash = "sha256:af4b3d372f2477dcd89a6e717e4a575ca35ccc20cc4454a8a4b6f8838a00672d"},
    {file = "dm_tree-0.1.8-cp37-cp37m-manylinux_2_17_i686.manylinux2014_i686.whl", hash = "sha256:de287fabc464b8734be251e46e06aa9aa1001f34198da2b6ce07bd197172b9cb"},
    {file = "dm_tree-0.1.8-cp37-cp37m-manylinux_2_17_s390x.manylinux2014_s390x.whl", hash = "sha256:054b461f8176f4bce7a21f7b1870f873a1ced3bdbe1282c816c550bb43c71fa6"},
    {file = "dm_tree-0.1.8-cp37-cp37m-manylinux_2_17_x86_64.manylinux2014_x86_64.whl", hash = "sha256:2f7915660f59c09068e428613c480150180df1060561fd0d1470684ae7007bd1"},
    {file = "dm_tree-0.1.8-cp37-cp37m-win_amd64.whl", hash = "sha256:b9f89a454e98806b44fe9d40ec9eee61f848388f7e79ac2371a55679bd5a3ac6"},
    {file = "dm_tree-0.1.8-cp38-cp38-macosx_10_9_universal2.whl", hash = "sha256:0e9620ccf06393eb6b613b5e366469304622d4ea96ae6540b28a33840e6c89cf"},
    {file = "dm_tree-0.1.8-cp38-cp38-macosx_10_9_x86_64.whl", hash = "sha256:b095ba4f8ca1ba19350fd53cf1f8f3eb0bd406aa28af64a6dfc86707b32a810a"},
    {file = "dm_tree-0.1.8-cp38-cp38-macosx_11_0_arm64.whl", hash = "sha256:b9bd9b9ccb59409d33d51d84b7668010c04c2af7d4a371632874c1ca356cff3d"},
    {file = "dm_tree-0.1.8-cp38-cp38-manylinux_2_17_aarch64.manylinux2014_aarch64.whl", hash = "sha256:0d3172394079a86c3a759179c65f64c48d1a42b89495fcf38976d11cc3bb952c"},
    {file = "dm_tree-0.1.8-cp38-cp38-manylinux_2_17_i686.manylinux2014_i686.whl", hash = "sha256:d1612fcaecd79023dbc6a6ae48d51a80beb5c385d6f3f6d71688e57bc8d07de8"},
    {file = "dm_tree-0.1.8-cp38-cp38-manylinux_2_17_s390x.manylinux2014_s390x.whl", hash = "sha256:c5c8c12e3fda754ef6af94161bacdaeda816d941995fac415d6855c6c386af68"},
    {file = "dm_tree-0.1.8-cp38-cp38-manylinux_2_17_x86_64.manylinux2014_x86_64.whl", hash = "sha256:694c3654cfd2a81552c08ec66bb5c4a3d48fa292b9a181880fb081c36c5b9134"},
    {file = "dm_tree-0.1.8-cp38-cp38-win_amd64.whl", hash = "sha256:bb2d109f42190225112da899b9f3d46d0d5f26aef501c61e43529fe9322530b5"},
    {file = "dm_tree-0.1.8-cp39-cp39-macosx_10_9_universal2.whl", hash = "sha256:d16e1f2a073604cfcc09f7131ae8d534674f43c3aef4c25742eae295bc60d04f"},
    {file = "dm_tree-0.1.8-cp39-cp39-macosx_10_9_x86_64.whl", hash = "sha256:250b692fb75f45f02e2f58fbef9ab338904ef334b90557565621fa251df267cf"},
    {file = "dm_tree-0.1.8-cp39-cp39-macosx_11_0_arm64.whl", hash = "sha256:81fce77f22a302d7a5968aebdf4efafef4def7ce96528719a354e6990dcd49c7"},
    {file = "dm_tree-0.1.8-cp39-cp39-manylinux_2_17_aarch64.manylinux2014_aarch64.whl", hash = "sha256:f7ac31b9aecccb2c6e1ab29706f6ded3eba0c2c69c770322c9c685929c3d6afb"},
    {file = "dm_tree-0.1.8-cp39-cp39-manylinux_2_17_i686.manylinux2014_i686.whl", hash = "sha256:1fe962015b2fe1282892b28ebe962faed53c7f98d942da9a4625cbf27baef913"},
    {file = "dm_tree-0.1.8-cp39-cp39-manylinux_2_17_s390x.manylinux2014_s390x.whl", hash = "sha256:28c52cbf4f8b3dbd0beaedf44f69fa85eec5e9dede612e08035e06ada6ec9426"},
    {file = "dm_tree-0.1.8-cp39-cp39-manylinux_2_17_x86_64.manylinux2014_x86_64.whl", hash = "sha256:181c35521d480d0365f39300542cb6cd7fd2b77351bb43d7acfda15aef63b317"},
    {file = "dm_tree-0.1.8-cp39-cp39-win_amd64.whl", hash = "sha256:8ed3564abed97c806db122c2d3e1a2b64c74a63debe9903aad795167cc301368"},
]

[[package]]
name = "git-python"
version = "1.0.3"
description = "combination and simplification of some useful git commands"
optional = false
python-versions = "*"
files = [
    {file = "git-python-1.0.3.zip", hash = "sha256:a7f51d07c7a0b0a15cb4dfa78601196dd20624211153d07c092b811edb6e86fb"},
    {file = "git_python-1.0.3-py2.py3-none-any.whl", hash = "sha256:8820ce93786cd11a76d44c7153708588e8056213e4c512406ea3732871aa9ad6"},
]

[package.dependencies]
gitpython = "*"

[[package]]
name = "gitdb"
version = "4.0.11"
description = "Git Object Database"
optional = false
python-versions = ">=3.7"
files = [
    {file = "gitdb-4.0.11-py3-none-any.whl", hash = "sha256:81a3407ddd2ee8df444cbacea00e2d038e40150acfa3001696fe0dcf1d3adfa4"},
    {file = "gitdb-4.0.11.tar.gz", hash = "sha256:bf5421126136d6d0af55bc1e7c1af1c397a34f5b7bd79e776cd3e89785c2b04b"},
]

[package.dependencies]
smmap = ">=3.0.1,<6"

[[package]]
name = "gitpython"
version = "3.1.40"
description = "GitPython is a Python library used to interact with Git repositories"
optional = false
python-versions = ">=3.7"
files = [
    {file = "GitPython-3.1.40-py3-none-any.whl", hash = "sha256:cf14627d5a8049ffbf49915732e5eddbe8134c3bdb9d476e6182b676fc573f8a"},
    {file = "GitPython-3.1.40.tar.gz", hash = "sha256:22b126e9ffb671fdd0c129796343a02bf67bf2994b35449ffc9321aa755e18a4"},
]

[package.dependencies]
gitdb = ">=4.0.1,<5"

[package.extras]
test = ["black", "coverage[toml]", "ddt (>=1.1.1,!=1.4.3)", "mock", "mypy", "pre-commit", "pytest", "pytest-cov", "pytest-instafail", "pytest-subtests", "pytest-sugar"]

[[package]]
name = "smmap"
version = "5.0.1"
description = "A pure Python implementation of a sliding window memory map manager"
optional = false
python-versions = ">=3.7"
files = [
    {file = "smmap-5.0.1-py3-none-any.whl", hash = "sha256:e6d8668fa5f93e706934a62d7b4db19c8d9eb8cf2adbb75ef1b675aa332b69da"},
    {file = "smmap-5.0.1.tar.gz", hash = "sha256:dceeb6c0028fdb6734471eb07c0cd2aae706ccaecab45965ee83f11c8d3b1f62"},
]

[metadata]
lock-version = "2.0"
python-versions = ">=3.10.0,<3.11"
content-hash = "7e4029316c110b61f3fb7471bfa49b906149e5453860c77e4db5e91fdbb5e745"
